// !$*UTF8*$!
{
	archiveVersion = 1;
	classes = {
	};
	objectVersion = 77;
	objects = {

/* Begin PBXBuildFile section */
		370363C42EE455BF00B74ABA /* TimeTracker2.icon in Resources */ = {isa = PBXBuildFile; fileRef = 370363C32EE455BF00B74ABA /* TimeTracker2.icon */; };
		370363C52EE455BF00B74ABA /* TimeTracker2.icon in Resources */ = {isa = PBXBuildFile; fileRef = 370363C32EE455BF00B74ABA /* TimeTracker2.icon */; };
		370363C62EE455BF00B74ABA /* TimeTracker2.icon in Resources */ = {isa = PBXBuildFile; fileRef = 370363C32EE455BF00B74ABA /* TimeTracker2.icon */; };
/* End PBXBuildFile section */

/* Begin PBXContainerItemProxy section */
		3703636D2EE4319000B74ABA /* PBXContainerItemProxy */ = {
			isa = PBXContainerItemProxy;
			containerPortal = 370363572EE4318E00B74ABA /* Project object */;
			proxyType = 1;
			remoteGlobalIDString = 3703635E2EE4318E00B74ABA;
			remoteInfo = TimeTracker2;
		};
		370363772EE4319000B74ABA /* PBXContainerItemProxy */ = {
			isa = PBXContainerItemProxy;
			containerPortal = 370363572EE4318E00B74ABA /* Project object */;
			proxyType = 1;
			remoteGlobalIDString = 3703635E2EE4318E00B74ABA;
			remoteInfo = TimeTracker2;
		};
/* End PBXContainerItemProxy section */

/* Begin PBXFileReference section */
		3703635F2EE4318E00B74ABA /* TimeTracker2.app */ = {isa = PBXFileReference; explicitFileType = wrapper.application; includeInIndex = 0; path = TimeTracker2.app; sourceTree = BUILT_PRODUCTS_DIR; };
		3703636C2EE4319000B74ABA /* TimeTracker2Tests.xctest */ = {isa = PBXFileReference; explicitFileType = wrapper.cfbundle; includeInIndex = 0; path = TimeTracker2Tests.xctest; sourceTree = BUILT_PRODUCTS_DIR; };
		370363762EE4319000B74ABA /* TimeTracker2UITests.xctest */ = {isa = PBXFileReference; explicitFileType = wrapper.cfbundle; includeInIndex = 0; path = TimeTracker2UITests.xctest; sourceTree = BUILT_PRODUCTS_DIR; };
		370363C32EE455BF00B74ABA /* TimeTracker2.icon */ = {isa = PBXFileReference; lastKnownFileType = folder.iconcomposer.icon; path = TimeTracker2.icon; sourceTree = "<group>"; };
/* End PBXFileReference section */

/* Begin PBXFileSystemSynchronizedRootGroup section */
		370363612EE4318E00B74ABA /* TimeTracker2 */ = {
			isa = PBXFileSystemSynchronizedRootGroup;
			path = TimeTracker2;
			sourceTree = "<group>";
		};
		3703636F2EE4319000B74ABA /* TimeTracker2Tests */ = {
			isa = PBXFileSystemSynchronizedRootGroup;
			path = TimeTracker2Tests;
			sourceTree = "<group>";
		};
		370363792EE4319000B74ABA /* TimeTracker2UITests */ = {
			isa = PBXFileSystemSynchronizedRootGroup;
			path = TimeTracker2UITests;
			sourceTree = "<group>";
		};
/* End PBXFileSystemSynchronizedRootGroup section */

/* Begin PBXFrameworksBuildPhase section */
		3703635C2EE4318E00B74ABA /* Frameworks */ = {
			isa = PBXFrameworksBuildPhase;
			buildActionMask = 2147483647;
			files = (
			);
			runOnlyForDeploymentPostprocessing = 0;
		};
		370363692EE4319000B74ABA /* Frameworks */ = {
			isa = PBXFrameworksBuildPhase;
			buildActionMask = 2147483647;
			files = (
			);
			runOnlyForDeploymentPostprocessing = 0;
		};
		370363732EE4319000B74ABA /* Frameworks */ = {
			isa = PBXFrameworksBuildPhase;
			buildActionMask = 2147483647;
			files = (
			);
			runOnlyForDeploymentPostprocessing = 0;
		};
/* End PBXFrameworksBuildPhase section */

/* Begin PBXGroup section */
		370363562EE4318E00B74ABA = {
			isa = PBXGroup;
			children = (
				370363C32EE455BF00B74ABA /* TimeTracker2.icon */,
				370363612EE4318E00B74ABA /* TimeTracker2 */,
				3703636F2EE4319000B74ABA /* TimeTracker2Tests */,
				370363792EE4319000B74ABA /* TimeTracker2UITests */,
				370363602EE4318E00B74ABA /* Products */,
			);
			sourceTree = "<group>";
		};
		370363602EE4318E00B74ABA /* Products */ = {
			isa = PBXGroup;
			children = (
				3703635F2EE4318E00B74ABA /* TimeTracker2.app */,
				3703636C2EE4319000B74ABA /* TimeTracker2Tests.xctest */,
				370363762EE4319000B74ABA /* TimeTracker2UITests.xctest */,
			);
			name = Products;
			sourceTree = "<group>";
		};
/* End PBXGroup section */

/* Begin PBXNativeTarget section */
		3703635E2EE4318E00B74ABA /* TimeTracker2 */ = {
			isa = PBXNativeTarget;
			buildConfigurationList = 370363802EE4319000B74ABA /* Build configuration list for PBXNativeTarget "TimeTracker2" */;
			buildPhases = (
				3703635B2EE4318E00B74ABA /* Sources */,
				3703635C2EE4318E00B74ABA /* Frameworks */,
				3703635D2EE4318E00B74ABA /* Resources */,
			);
			buildRules = (
			);
			dependencies = (
			);
			fileSystemSynchronizedGroups = (
				370363612EE4318E00B74ABA /* TimeTracker2 */,
			);
			name = TimeTracker2;
			packageProductDependencies = (
			);
			productName = TimeTracker2;
			productReference = 3703635F2EE4318E00B74ABA /* TimeTracker2.app */;
			productType = "com.apple.product-type.application";
		};
		3703636B2EE4319000B74ABA /* TimeTracker2Tests */ = {
			isa = PBXNativeTarget;
			buildConfigurationList = 370363832EE4319000B74ABA /* Build configuration list for PBXNativeTarget "TimeTracker2Tests" */;
			buildPhases = (
				370363682EE4319000B74ABA /* Sources */,
				370363692EE4319000B74ABA /* Frameworks */,
				3703636A2EE4319000B74ABA /* Resources */,
			);
			buildRules = (
			);
			dependencies = (
				3703636E2EE4319000B74ABA /* PBXTargetDependency */,
			);
			fileSystemSynchronizedGroups = (
				3703636F2EE4319000B74ABA /* TimeTracker2Tests */,
			);
			name = TimeTracker2Tests;
			packageProductDependencies = (
			);
			productName = TimeTracker2Tests;
			productReference = 3703636C2EE4319000B74ABA /* TimeTracker2Tests.xctest */;
			productType = "com.apple.product-type.bundle.unit-test";
		};
		370363752EE4319000B74ABA /* TimeTracker2UITests */ = {
			isa = PBXNativeTarget;
			buildConfigurationList = 370363862EE4319000B74ABA /* Build configuration list for PBXNativeTarget "TimeTracker2UITests" */;
			buildPhases = (
				370363722EE4319000B74ABA /* Sources */,
				370363732EE4319000B74ABA /* Frameworks */,
				370363742EE4319000B74ABA /* Resources */,
			);
			buildRules = (
			);
			dependencies = (
				370363782EE4319000B74ABA /* PBXTargetDependency */,
			);
			fileSystemSynchronizedGroups = (
				370363792EE4319000B74ABA /* TimeTracker2UITests */,
			);
			name = TimeTracker2UITests;
			packageProductDependencies = (
			);
			productName = TimeTracker2UITests;
			productReference = 370363762EE4319000B74ABA /* TimeTracker2UITests.xctest */;
			productType = "com.apple.product-type.bundle.ui-testing";
		};
/* End PBXNativeTarget section */

/* Begin PBXProject section */
		370363572EE4318E00B74ABA /* Project object */ = {
			isa = PBXProject;
			attributes = {
				BuildIndependentTargetsInParallel = 1;
				LastSwiftUpdateCheck = 2610;
				LastUpgradeCheck = 2610;
				TargetAttributes = {
					3703635E2EE4318E00B74ABA = {
						CreatedOnToolsVersion = 26.1.1;
					};
					3703636B2EE4319000B74ABA = {
						CreatedOnToolsVersion = 26.1.1;
						TestTargetID = 3703635E2EE4318E00B74ABA;
					};
					370363752EE4319000B74ABA = {
						CreatedOnToolsVersion = 26.1.1;
						TestTargetID = 3703635E2EE4318E00B74ABA;
					};
				};
			};
			buildConfigurationList = 3703635A2EE4318E00B74ABA /* Build configuration list for PBXProject "TimeTracker2" */;
			developmentRegion = en;
			hasScannedForEncodings = 0;
			knownRegions = (
				en,
				Base,
			);
			mainGroup = 370363562EE4318E00B74ABA;
			minimizedProjectReferenceProxies = 1;
			preferredProjectObjectVersion = 77;
			productRefGroup = 370363602EE4318E00B74ABA /* Products */;
			projectDirPath = "";
			projectRoot = "";
			targets = (
				3703635E2EE4318E00B74ABA /* TimeTracker2 */,
				3703636B2EE4319000B74ABA /* TimeTracker2Tests */,
				370363752EE4319000B74ABA /* TimeTracker2UITests */,
			);
		};
/* End PBXProject section */

/* Begin PBXResourcesBuildPhase section */
		3703635D2EE4318E00B74ABA /* Resources */ = {
			isa = PBXResourcesBuildPhase;
			buildActionMask = 2147483647;
			files = (
				370363C62EE455BF00B74ABA /* TimeTracker2.icon in Resources */,
			);
			runOnlyForDeploymentPostprocessing = 0;
		};
		3703636A2EE4319000B74ABA /* Resources */ = {
			isa = PBXResourcesBuildPhase;
			buildActionMask = 2147483647;
			files = (
				370363C42EE455BF00B74ABA /* TimeTracker2.icon in Resources */,
			);
			runOnlyForDeploymentPostprocessing = 0;
		};
		370363742EE4319000B74ABA /* Resources */ = {
			isa = PBXResourcesBuildPhase;
			buildActionMask = 2147483647;
			files = (
				370363C52EE455BF00B74ABA /* TimeTracker2.icon in Resources */,
			);
			runOnlyForDeploymentPostprocessing = 0;
		};
/* End PBXResourcesBuildPhase section */

/* Begin PBXSourcesBuildPhase section */
		3703635B2EE4318E00B74ABA /* Sources */ = {
			isa = PBXSourcesBuildPhase;
			buildActionMask = 2147483647;
			files = (
			);
			runOnlyForDeploymentPostprocessing = 0;
		};
		370363682EE4319000B74ABA /* Sources */ = {
			isa = PBXSourcesBuildPhase;
			buildActionMask = 2147483647;
			files = (
			);
			runOnlyForDeploymentPostprocessing = 0;
		};
		370363722EE4319000B74ABA /* Sources */ = {
			isa = PBXSourcesBuildPhase;
			buildActionMask = 2147483647;
			files = (
			);
			runOnlyForDeploymentPostprocessing = 0;
		};
/* End PBXSourcesBuildPhase section */

/* Begin PBXTargetDependency section */
		3703636E2EE4319000B74ABA /* PBXTargetDependency */ = {
			isa = PBXTargetDependency;
			target = 3703635E2EE4318E00B74ABA /* TimeTracker2 */;
			targetProxy = 3703636D2EE4319000B74ABA /* PBXContainerItemProxy */;
		};
		370363782EE4319000B74ABA /* PBXTargetDependency */ = {
			isa = PBXTargetDependency;
			target = 3703635E2EE4318E00B74ABA /* TimeTracker2 */;
			targetProxy = 370363772EE4319000B74ABA /* PBXContainerItemProxy */;
		};
/* End PBXTargetDependency section */

/* Begin XCBuildConfiguration section */
		3703637E2EE4319000B74ABA /* Debug */ = {
			isa = XCBuildConfiguration;
			buildSettings = {
				ALWAYS_SEARCH_USER_PATHS = NO;
				ASSETCATALOG_COMPILER_GENERATE_SWIFT_ASSET_SYMBOL_EXTENSIONS = YES;
				CLANG_ANALYZER_NONNULL = YES;
				CLANG_ANALYZER_NUMBER_OBJECT_CONVERSION = YES_AGGRESSIVE;
				CLANG_CXX_LANGUAGE_STANDARD = "gnu++20";
				CLANG_ENABLE_MODULES = YES;
				CLANG_ENABLE_OBJC_ARC = YES;
				CLANG_ENABLE_OBJC_WEAK = YES;
				CLANG_WARN_BLOCK_CAPTURE_AUTORELEASING = YES;
				CLANG_WARN_BOOL_CONVERSION = YES;
				CLANG_WARN_COMMA = YES;
				CLANG_WARN_CONSTANT_CONVERSION = YES;
				CLANG_WARN_DEPRECATED_OBJC_IMPLEMENTATIONS = YES;
				CLANG_WARN_DIRECT_OBJC_ISA_USAGE = YES_ERROR;
				CLANG_WARN_DOCUMENTATION_COMMENTS = YES;
				CLANG_WARN_EMPTY_BODY = YES;
				CLANG_WARN_ENUM_CONVERSION = YES;
				CLANG_WARN_INFINITE_RECURSION = YES;
				CLANG_WARN_INT_CONVERSION = YES;
				CLANG_WARN_NON_LITERAL_NULL_CONVERSION = YES;
				CLANG_WARN_OBJC_IMPLICIT_RETAIN_SELF = YES;
				CLANG_WARN_OBJC_LITERAL_CONVERSION = YES;
				CLANG_WARN_OBJC_ROOT_CLASS = YES_ERROR;
				CLANG_WARN_QUOTED_INCLUDE_IN_FRAMEWORK_HEADER = YES;
				CLANG_WARN_RANGE_LOOP_ANALYSIS = YES;
				CLANG_WARN_STRICT_PROTOTYPES = YES;
				CLANG_WARN_SUSPICIOUS_MOVE = YES;
				CLANG_WARN_UNGUARDED_AVAILABILITY = YES_AGGRESSIVE;
				CLANG_WARN_UNREACHABLE_CODE = YES;
				CLANG_WARN__DUPLICATE_METHOD_MATCH = YES;
				COPY_PHASE_STRIP = NO;
				DEBUG_INFORMATION_FORMAT = dwarf;
				ENABLE_STRICT_OBJC_MSGSEND = YES;
				ENABLE_TESTABILITY = YES;
				ENABLE_USER_SCRIPT_SANDBOXING = YES;
				GCC_C_LANGUAGE_STANDARD = gnu17;
				GCC_DYNAMIC_NO_PIC = NO;
				GCC_NO_COMMON_BLOCKS = YES;
				GCC_OPTIMIZATION_LEVEL = 0;
				GCC_PREPROCESSOR_DEFINITIONS = (
					"DEBUG=1",
					"$(inherited)",
				);
				GCC_WARN_64_TO_32_BIT_CONVERSION = YES;
				GCC_WARN_ABOUT_RETURN_TYPE = YES_ERROR;
				GCC_WARN_UNDECLARED_SELECTOR = YES;
				GCC_WARN_UNINITIALIZED_AUTOS = YES_AGGRESSIVE;
				GCC_WARN_UNUSED_FUNCTION = YES;
				GCC_WARN_UNUSED_VARIABLE = YES;
				LOCALIZATION_PREFERS_STRING_CATALOGS = YES;
				MACOSX_DEPLOYMENT_TARGET = 26.1;
				MTL_ENABLE_DEBUG_INFO = INCLUDE_SOURCE;
				MTL_FAST_MATH = YES;
				ONLY_ACTIVE_ARCH = YES;
				SDKROOT = macosx;
				SWIFT_ACTIVE_COMPILATION_CONDITIONS = "DEBUG $(inherited)";
				SWIFT_OPTIMIZATION_LEVEL = "-Onone";
			};
			name = Debug;
		};
		3703637F2EE4319000B74ABA /* Release */ = {
			isa = XCBuildConfiguration;
			buildSettings = {
				ALWAYS_SEARCH_USER_PATHS = NO;
				ASSETCATALOG_COMPILER_GENERATE_SWIFT_ASSET_SYMBOL_EXTENSIONS = YES;
				CLANG_ANALYZER_NONNULL = YES;
				CLANG_ANALYZER_NUMBER_OBJECT_CONVERSION = YES_AGGRESSIVE;
				CLANG_CXX_LANGUAGE_STANDARD = "gnu++20";
				CLANG_ENABLE_MODULES = YES;
				CLANG_ENABLE_OBJC_ARC = YES;
				CLANG_ENABLE_OBJC_WEAK = YES;
				CLANG_WARN_BLOCK_CAPTURE_AUTORELEASING = YES;
				CLANG_WARN_BOOL_CONVERSION = YES;
				CLANG_WARN_COMMA = YES;
				CLANG_WARN_CONSTANT_CONVERSION = YES;
				CLANG_WARN_DEPRECATED_OBJC_IMPLEMENTATIONS = YES;
				CLANG_WARN_DIRECT_OBJC_ISA_USAGE = YES_ERROR;
				CLANG_WARN_DOCUMENTATION_COMMENTS = YES;
				CLANG_WARN_EMPTY_BODY = YES;
				CLANG_WARN_ENUM_CONVERSION = YES;
				CLANG_WARN_INFINITE_RECURSION = YES;
				CLANG_WARN_INT_CONVERSION = YES;
				CLANG_WARN_NON_LITERAL_NULL_CONVERSION = YES;
				CLANG_WARN_OBJC_IMPLICIT_RETAIN_SELF = YES;
				CLANG_WARN_OBJC_LITERAL_CONVERSION = YES;
				CLANG_WARN_OBJC_ROOT_CLASS = YES_ERROR;
				CLANG_WARN_QUOTED_INCLUDE_IN_FRAMEWORK_HEADER = YES;
				CLANG_WARN_RANGE_LOOP_ANALYSIS = YES;
				CLANG_WARN_STRICT_PROTOTYPES = YES;
				CLANG_WARN_SUSPICIOUS_MOVE = YES;
				CLANG_WARN_UNGUARDED_AVAILABILITY = YES_AGGRESSIVE;
				CLANG_WARN_UNREACHABLE_CODE = YES;
				CLANG_WARN__DUPLICATE_METHOD_MATCH = YES;
				COPY_PHASE_STRIP = NO;
				DEBUG_INFORMATION_FORMAT = "dwarf-with-dsym";
				ENABLE_NS_ASSERTIONS = NO;
				ENABLE_STRICT_OBJC_MSGSEND = YES;
				ENABLE_USER_SCRIPT_SANDBOXING = YES;
				GCC_C_LANGUAGE_STANDARD = gnu17;
				GCC_NO_COMMON_BLOCKS = YES;
				GCC_WARN_64_TO_32_BIT_CONVERSION = YES;
				GCC_WARN_ABOUT_RETURN_TYPE = YES_ERROR;
				GCC_WARN_UNDECLARED_SELECTOR = YES;
				GCC_WARN_UNINITIALIZED_AUTOS = YES_AGGRESSIVE;
				GCC_WARN_UNUSED_FUNCTION = YES;
				GCC_WARN_UNUSED_VARIABLE = YES;
				LOCALIZATION_PREFERS_STRING_CATALOGS = YES;
				MACOSX_DEPLOYMENT_TARGET = 26.1;
				MTL_ENABLE_DEBUG_INFO = NO;
				MTL_FAST_MATH = YES;
				SDKROOT = macosx;
				SWIFT_COMPILATION_MODE = wholemodule;
			};
			name = Release;
		};
		370363812EE4319000B74ABA /* Debug */ = {
			isa = XCBuildConfiguration;
			buildSettings = {
				ASSETCATALOG_COMPILER_APPICON_NAME = TimeTracker2;
				ASSETCATALOG_COMPILER_GLOBAL_ACCENT_COLOR_NAME = AccentColor;
				ASSETCATALOG_COMPILER_INCLUDE_ALL_APPICON_ASSETS = YES;
				CODE_SIGN_STYLE = Automatic;
				COMBINE_HIDPI_IMAGES = YES;
				CURRENT_PROJECT_VERSION = 1;
				ENABLE_APP_SANDBOX = YES;
				ENABLE_PREVIEWS = YES;
				ENABLE_USER_SELECTED_FILES = readwrite;
				GENERATE_INFOPLIST_FILE = YES;
				INFOPLIST_KEY_NSHumanReadableCopyright = "";
				LD_RUNPATH_SEARCH_PATHS = (
					"$(inherited)",
					"@executable_path/../Frameworks",
				);
				MARKETING_VERSION = 1.0;
				PRODUCT_BUNDLE_IDENTIFIER = asa.TimeTracker2;
				PRODUCT_NAME = "$(TARGET_NAME)";
				REGISTER_APP_GROUPS = YES;
				STRING_CATALOG_GENERATE_SYMBOLS = YES;
				SWIFT_APPROACHABLE_CONCURRENCY = YES;
				SWIFT_DEFAULT_ACTOR_ISOLATION = MainActor;
				SWIFT_EMIT_LOC_STRINGS = YES;
				SWIFT_UPCOMING_FEATURE_MEMBER_IMPORT_VISIBILITY = YES;
				SWIFT_VERSION = 5.0;
			};
			name = Debug;
		};
		370363822EE4319000B74ABA /* Release */ = {
			isa = XCBuildConfiguration;
			buildSettings = {
				ASSETCATALOG_COMPILER_APPICON_NAME = TimeTracker2;
				ASSETCATALOG_COMPILER_GLOBAL_ACCENT_COLOR_NAME = AccentColor;
				ASSETCATALOG_COMPILER_INCLUDE_ALL_APPICON_ASSETS = YES;
				CODE_SIGN_STYLE = Automatic;
				COMBINE_HIDPI_IMAGES = YES;
				CURRENT_PROJECT_VERSION = 1;
				ENABLE_APP_SANDBOX = YES;
				ENABLE_PREVIEWS = YES;
				ENABLE_USER_SELECTED_FILES = readwrite;
				GENERATE_INFOPLIST_FILE = YES;
				INFOPLIST_KEY_NSHumanReadableCopyright = "";
				LD_RUNPATH_SEARCH_PATHS = (
					"$(inherited)",
					"@executable_path/../Frameworks",
				);
				MARKETING_VERSION = 1.0;
				PRODUCT_BUNDLE_IDENTIFIER = asa.TimeTracker2;
				PRODUCT_NAME = "$(TARGET_NAME)";
				REGISTER_APP_GROUPS = YES;
				STRING_CATALOG_GENERATE_SYMBOLS = YES;
				SWIFT_APPROACHABLE_CONCURRENCY = YES;
				SWIFT_DEFAULT_ACTOR_ISOLATION = MainActor;
				SWIFT_EMIT_LOC_STRINGS = YES;
				SWIFT_UPCOMING_FEATURE_MEMBER_IMPORT_VISIBILITY = YES;
				SWIFT_VERSION = 5.0;
			};
			name = Release;
		};
		370363842EE4319000B74ABA /* Debug */ = {
			isa = XCBuildConfiguration;
			buildSettings = {
				BUNDLE_LOADER = "$(TEST_HOST)";
				CODE_SIGN_STYLE = Automatic;
				CURRENT_PROJECT_VERSION = 1;
				GENERATE_INFOPLIST_FILE = YES;
				MACOSX_DEPLOYMENT_TARGET = 26.1;
				MARKETING_VERSION = 1.0;
				PRODUCT_BUNDLE_IDENTIFIER = asa.TimeTracker2Tests;
				PRODUCT_NAME = "$(TARGET_NAME)";
				STRING_CATALOG_GENERATE_SYMBOLS = NO;
				SWIFT_APPROACHABLE_CONCURRENCY = YES;
				SWIFT_EMIT_LOC_STRINGS = NO;
				SWIFT_UPCOMING_FEATURE_MEMBER_IMPORT_VISIBILITY = YES;
				SWIFT_VERSION = 5.0;
				TEST_HOST = "$(BUILT_PRODUCTS_DIR)/TimeTracker2.app/$(BUNDLE_EXECUTABLE_FOLDER_PATH)/TimeTracker2";
			};
			name = Debug;
		};
		370363852EE4319000B74ABA /* Release */ = {
			isa = XCBuildConfiguration;
			buildSettings = {
				BUNDLE_LOADER = "$(TEST_HOST)";
				CODE_SIGN_STYLE = Automatic;
				CURRENT_PROJECT_VERSION = 1;
				GENERATE_INFOPLIST_FILE = YES;
				MACOSX_DEPLOYMENT_TARGET = 26.1;
				MARKETING_VERSION = 1.0;
				PRODUCT_BUNDLE_IDENTIFIER = asa.TimeTracker2Tests;
				PRODUCT_NAME = "$(TARGET_NAME)";
				STRING_CATALOG_GENERATE_SYMBOLS = NO;
				SWIFT_APPROACHABLE_CONCURRENCY = YES;
				SWIFT_EMIT_LOC_STRINGS = NO;
				SWIFT_UPCOMING_FEATURE_MEMBER_IMPORT_VISIBILITY = YES;
				SWIFT_VERSION = 5.0;
				TEST_HOST = "$(BUILT_PRODUCTS_DIR)/TimeTracker2.app/$(BUNDLE_EXECUTABLE_FOLDER_PATH)/TimeTracker2";
			};
			name = Release;
		};
		370363872EE4319000B74ABA /* Debug */ = {
			isa = XCBuildConfiguration;
			buildSettings = {
				CODE_SIGN_STYLE = Automatic;
				CURRENT_PROJECT_VERSION = 1;
				GENERATE_INFOPLIST_FILE = YES;
				MARKETING_VERSION = 1.0;
				PRODUCT_BUNDLE_IDENTIFIER = asa.TimeTracker2UITests;
				PRODUCT_NAME = "$(TARGET_NAME)";
				STRING_CATALOG_GENERATE_SYMBOLS = NO;
				SWIFT_APPROACHABLE_CONCURRENCY = YES;
				SWIFT_EMIT_LOC_STRINGS = NO;
				SWIFT_UPCOMING_FEATURE_MEMBER_IMPORT_VISIBILITY = YES;
				SWIFT_VERSION = 5.0;
				TEST_TARGET_NAME = TimeTracker2;
			};
			name = Debug;
		};
		370363882EE4319000B74ABA /* Release */ = {
			isa = XCBuildConfiguration;
			buildSettings = {
				CODE_SIGN_STYLE = Automatic;
				CURRENT_PROJECT_VERSION = 1;
				GENERATE_INFOPLIST_FILE = YES;
				MARKETING_VERSION = 1.0;
				PRODUCT_BUNDLE_IDENTIFIER = asa.TimeTracker2UITests;
				PRODUCT_NAME = "$(TARGET_NAME)";
				STRING_CATALOG_GENERATE_SYMBOLS = NO;
				SWIFT_APPROACHABLE_CONCURRENCY = YES;
				SWIFT_EMIT_LOC_STRINGS = NO;
				SWIFT_UPCOMING_FEATURE_MEMBER_IMPORT_VISIBILITY = YES;
				SWIFT_VERSION = 5.0;
				TEST_TARGET_NAME = TimeTracker2;
			};
			name = Release;
		};
/* End XCBuildConfiguration section */

/* Begin XCConfigurationList section */
		3703635A2EE4318E00B74ABA /* Build configuration list for PBXProject "TimeTracker2" */ = {
			isa = XCConfigurationList;
			buildConfigurations = (
				3703637E2EE4319000B74ABA /* Debug */,
				3703637F2EE4319000B74ABA /* Release */,
			);
			defaultConfigurationIsVisible = 0;
			defaultConfigurationName = Release;
		};
		370363802EE4319000B74ABA /* Build configuration list for PBXNativeTarget "TimeTracker2" */ = {
			isa = XCConfigurationList;
			buildConfigurations = (
				370363812EE4319000B74ABA /* Debug */,
				370363822EE4319000B74ABA /* Release */,
			);
			defaultConfigurationIsVisible = 0;
			defaultConfigurationName = Release;
		};
		370363832EE4319000B74ABA /* Build configuration list for PBXNativeTarget "TimeTracker2Tests" */ = {
			isa = XCConfigurationList;
			buildConfigurations = (
				370363842EE4319000B74ABA /* Debug */,
				370363852EE4319000B74ABA /* Release */,
			);
			defaultConfigurationIsVisible = 0;
			defaultConfigurationName = Release;
		};
		370363862EE4319000B74ABA /* Build configuration list for PBXNativeTarget "TimeTracker2UITests" */ = {
			isa = XCConfigurationList;
			buildConfigurations = (
				370363872EE4319000B74ABA /* Debug */,
				370363882EE4319000B74ABA /* Release */,
			);
			defaultConfigurationIsVisible = 0;
			defaultConfigurationName = Release;
		};
/* End XCConfigurationList section */
	};
	rootObject = 370363572EE4318E00B74ABA /* Project object */;
}
